
Microsoft Visual Studio Solution File, Format Version 12.00
# Visual Studio Version 16
VisualStudioVersion = 16.0.34114.132
MinimumVisualStudioVersion = 10.0.40219.1
Project("{FAE04EC0-301F-11D3-BF4B-00C04F79EFBC}") = "LIS Parser", "LIS Parser\LIS Parser.csproj", "{4DFE60C6-5131-4662-A39B-F885F6EA29C4}"
EndProject
Global
	GlobalSection(SolutionConfigurationPlatforms) = preSolution
		Debug|Any CPU = Debug|Any CPU
		Release|Any CPU = Release|Any CPU
	EndGlobalSection
	GlobalSection(ProjectConfigurationPlatforms) = postSolution
		{4DFE60C6-5131-4662-A39B-F885F6EA29C4}.Debug|Any CPU.ActiveCfg = Debug|Any CPU
		{4DFE60C6-5131-4662-A39B-F885F6EA29C4}.Debug|Any CPU.Build.0 = Debug|Any CPU
		{4DFE60C6-5131-4662-A39B-F885F6EA29C4}.Release|Any CPU.ActiveCfg = Release|Any CPU
		{4DFE60C6-5131-4662-A39B-F885F6EA29C4}.Release|Any CPU.Build.0 = Release|Any CPU
	EndGlobalSection
	GlobalSection(SolutionProperties) = preSolution
		HideSolutionNode = FALSE
	EndGlobalSection
	GlobalSection(ExtensibilityGlobals) = postSolution
		SolutionGuid = {9A7C4990-D9EA-41B9-BBC0-8110EC7526E2}
	EndGlobalSection
EndGlobal
